// !$*UTF8*$!
{
	archiveVersion = 1;
	classes = {
	};
	objectVersion = 48;
	objects = {

/* Begin PBXBuildFile section */
		34539A90222573B50081B5D8 /* AppDelegate.swift in Sources */ = {isa = PBXBuildFile; fileRef = 34539A8F222573B50081B5D8 /* AppDelegate.swift */; };
		34539A92222573B50081B5D8 /* ViewController.swift in Sources */ = {isa = PBXBuildFile; fileRef = 34539A91222573B50081B5D8 /* ViewController.swift */; };
		34539A95222573B50081B5D8 /* Main.storyboard in Resources */ = {isa = PBXBuildFile; fileRef = 34539A93222573B50081B5D8 /* Main.storyboard */; };
		34539A98222573B50081B5D8 /* LibraryTransitions.xcdatamodeld in Sources */ = {isa = PBXBuildFile; fileRef = 34539A96222573B50081B5D8 /* LibraryTransitions.xcdatamodeld */; };
		34539A9A222573B50081B5D8 /* Assets.xcassets in Resources */ = {isa = PBXBuildFile; fileRef = 34539A99222573B50081B5D8 /* Assets.xcassets */; };
		34539A9D222573B50081B5D8 /* LaunchScreen.storyboard in Resources */ = {isa = PBXBuildFile; fileRef = 34539A9B222573B50081B5D8 /* LaunchScreen.storyboard */; };
		34539AA5222574B80081B5D8 /* SecondViewController.swift in Sources */ = {isa = PBXBuildFile; fileRef = 34539AA4222574B80081B5D8 /* SecondViewController.swift */; };
		9C16375E3DDCE0EBB473B268 /* Pods_LibraryTransitions.framework in Frameworks */ = {isa = PBXBuildFile; fileRef = 1F1326814A428CA190F910E1 /* Pods_LibraryTransitions.framework */; };
/* End PBXBuildFile section */

/* Begin PBXFileReference section */
		064BD3FBAED59B72E27C2D69 /* Pods-LibraryTransitions.release.xcconfig */ = {isa = PBXFileReference; includeInIndex = 1; lastKnownFileType = text.xcconfig; name = "Pods-LibraryTransitions.release.xcconfig"; path = "Target Support Files/Pods-LibraryTransitions/Pods-LibraryTransitions.release.xcconfig"; sourceTree = "<group>"; };
		1F1326814A428CA190F910E1 /* Pods_LibraryTransitions.framework */ = {isa = PBXFileReference; explicitFileType = wrapper.framework; includeInIndex = 0; path = Pods_LibraryTransitions.framework; sourceTree = BUILT_PRODUCTS_DIR; };
		34539A8C222573B50081B5D8 /* LibraryTransitions.app */ = {isa = PBXFileReference; explicitFileType = wrapper.application; includeInIndex = 0; path = LibraryTransitions.app; sourceTree = BUILT_PRODUCTS_DIR; };
		34539A8F222573B50081B5D8 /* AppDelegate.swift */ = {isa = PBXFileReference; lastKnownFileType = sourcecode.swift; path = AppDelegate.swift; sourceTree = "<group>"; };
		34539A91222573B50081B5D8 /* ViewController.swift */ = {isa = PBXFileReference; lastKnownFileType = sourcecode.swift; path = ViewController.swift; sourceTree = "<group>"; };
		34539A94222573B50081B5D8 /* Base */ = {isa = PBXFileReference; lastKnownFileType = file.storyboard; name = Base; path = Base.lproj/Main.storyboard; sourceTree = "<group>"; };
		34539A97222573B50081B5D8 /* LibraryTransitions.xcdatamodel */ = {isa = PBXFileReference; lastKnownFileType = wrapper.xcdatamodel; path = LibraryTransitions.xcdatamodel; sourceTree = "<group>"; };
		34539A99222573B50081B5D8 /* Assets.xcassets */ = {isa = PBXFileReference; lastKnownFileType = folder.assetcatalog; path = Assets.xcassets; sourceTree = "<group>"; };
		34539A9C222573B50081B5D8 /* Base */ = {isa = PBXFileReference; lastKnownFileType = file.storyboard; name = Base; path = Base.lproj/LaunchScreen.storyboard; sourceTree = "<group>"; };
		34539A9E222573B50081B5D8 /* Info.plist */ = {isa = PBXFileReference; lastKnownFileType = text.plist.xml; path = Info.plist; sourceTree = "<group>"; };
		34539AA4222574B80081B5D8 /* SecondViewController.swift */ = {isa = PBXFileReference; lastKnownFileType = sourcecode.swift; path = SecondViewController.swift; sourceTree = "<group>"; };
		4FB1032B4819E62162F7537A /* Pods-LibraryTransitions.debug.xcconfig */ = {isa = PBXFileReference; includeInIndex = 1; lastKnownFileType = text.xcconfig; name = "Pods-LibraryTransitions.debug.xcconfig"; path = "Target Support Files/Pods-LibraryTransitions/Pods-LibraryTransitions.debug.xcconfig"; sourceTree = "<group>"; };
/* End PBXFileReference section */

/* Begin PBXFrameworksBuildPhase section */
		34539A89222573B50081B5D8 /* Frameworks */ = {
			isa = PBXFrameworksBuildPhase;
			buildActionMask = 2147483647;
			files = (
				9C16375E3DDCE0EBB473B268 /* Pods_LibraryTransitions.framework in Frameworks */,
			);
			runOnlyForDeploymentPostprocessing = 0;
		};
/* End PBXFrameworksBuildPhase section */

/* Begin PBXGroup section */
		34539A83222573B50081B5D8 = {
			isa = PBXGroup;
			children = (
				34539A8E222573B50081B5D8 /* LibraryTransitions */,
				34539A8D222573B50081B5D8 /* Products */,
				AFCF8A49781BE30FBAE3F306 /* Pods */,
				5FA4DD0DF11FFD031FBA5AB1 /* Frameworks */,
			);
			sourceTree = "<group>";
		};
		34539A8D222573B50081B5D8 /* Products */ = {
			isa = PBXGroup;
			children = (
				34539A8C222573B50081B5D8 /* LibraryTransitions.app */,
			);
			name = Products;
			sourceTree = "<group>";
		};
		34539A8E222573B50081B5D8 /* LibraryTransitions */ = {
			isa = PBXGroup;
			children = (
				34539A8F222573B50081B5D8 /* AppDelegate.swift */,
				34539A91222573B50081B5D8 /* ViewController.swift */,
				34539A93222573B50081B5D8 /* Main.storyboard */,
				34539AA4222574B80081B5D8 /* SecondViewController.swift */,
				34539A99222573B50081B5D8 /* Assets.xcassets */,
				34539A9B222573B50081B5D8 /* LaunchScreen.storyboard */,
				34539A9E222573B50081B5D8 /* Info.plist */,
				34539A96222573B50081B5D8 /* LibraryTransitions.xcdatamodeld */,
			);
			path = LibraryTransitions;
			sourceTree = "<group>";
		};
		5FA4DD0DF11FFD031FBA5AB1 /* Frameworks */ = {
			isa = PBXGroup;
			children = (
				1F1326814A428CA190F910E1 /* Pods_LibraryTransitions.framework */,
			);
			name = Frameworks;
			sourceTree = "<group>";
		};
		AFCF8A49781BE30FBAE3F306 /* Pods */ = {
			isa = PBXGroup;
			children = (
				4FB1032B4819E62162F7537A /* Pods-LibraryTransitions.debug.xcconfig */,
				064BD3FBAED59B72E27C2D69 /* Pods-LibraryTransitions.release.xcconfig */,
			);
			path = Pods;
			sourceTree = "<group>";
		};
/* End PBXGroup section */

/* Begin PBXNativeTarget section */
		34539A8B222573B50081B5D8 /* LibraryTransitions */ = {
			isa = PBXNativeTarget;
			buildConfigurationList = 34539AA1222573B50081B5D8 /* Build configuration list for PBXNativeTarget "LibraryTransitions" */;
			buildPhases = (
				280B7794F02B6BDEA51726DF /* [CP] Check Pods Manifest.lock */,
				34539A88222573B50081B5D8 /* Sources */,
				34539A89222573B50081B5D8 /* Frameworks */,
				34539A8A222573B50081B5D8 /* Resources */,
				EB0F269D00E520A4E714B378 /* [CP] Embed Pods Frameworks */,
			);
			buildRules = (
			);
			dependencies = (
			);
			name = LibraryTransitions;
			productName = LibraryTransitions;
			productReference = 34539A8C222573B50081B5D8 /* LibraryTransitions.app */;
			productType = "com.apple.product-type.application";
		};
/* End PBXNativeTarget section */

/* Begin PBXProject section */
		34539A84222573B50081B5D8 /* Project object */ = {
			isa = PBXProject;
			attributes = {
				LastSwiftUpdateCheck = 0920;
				LastUpgradeCheck = 0920;
				ORGANIZATIONNAME = "shivaram-pt2458";
				TargetAttributes = {
					34539A8B222573B50081B5D8 = {
						CreatedOnToolsVersion = 9.2;
						ProvisioningStyle = Automatic;
					};
				};
			};
			buildConfigurationList = 34539A87222573B50081B5D8 /* Build configuration list for PBXProject "LibraryTransitions" */;
			compatibilityVersion = "Xcode 8.0";
			developmentRegion = en;
			hasScannedForEncodings = 0;
			knownRegions = (
				en,
				Base,
			);
			mainGroup = 34539A83222573B50081B5D8;
			productRefGroup = 34539A8D222573B50081B5D8 /* Products */;
			projectDirPath = "";
			projectRoot = "";
			targets = (
				34539A8B222573B50081B5D8 /* LibraryTransitions */,
			);
		};
/* End PBXProject section */

/* Begin PBXResourcesBuildPhase section */
		34539A8A222573B50081B5D8 /* Resources */ = {
			isa = PBXResourcesBuildPhase;
			buildActionMask = 2147483647;
			files = (
				34539A9D222573B50081B5D8 /* LaunchScreen.storyboard in Resources */,
				34539A9A222573B50081B5D8 /* Assets.xcassets in Resources */,
				34539A95222573B50081B5D8 /* Main.storyboard in Resources */,
			);
			runOnlyForDeploymentPostprocessing = 0;
		};
/* End PBXResourcesBuildPhase section */

/* Begin PBXShellScriptBuildPhase section */
		280B7794F02B6BDEA51726DF /* [CP] Check Pods Manifest.lock */ = {
			isa = PBXShellScriptBuildPhase;
			buildActionMask = 2147483647;
			files = (
			);
			inputPaths = (
				"${PODS_PODFILE_DIR_PATH}/Podfile.lock",
				"${PODS_ROOT}/Manifest.lock",
			);
			name = "[CP] Check Pods Manifest.lock";
			outputPaths = (
				"$(DERIVED_FILE_DIR)/Pods-LibraryTransitions-checkManifestLockResult.txt",
			);
			runOnlyForDeploymentPostprocessing = 0;
			shellPath = /bin/sh;
			shellScript = "diff \"${PODS_PODFILE_DIR_PATH}/Podfile.lock\" \"${PODS_ROOT}/Manifest.lock\" > /dev/null\nif [ $? != 0 ] ; then\n    # print error to STDERR\n    echo \"error: The sandbox is not in sync with the Podfile.lock. Run 'pod install' or update your CocoaPods installation.\" >&2\n    exit 1\nfi\n# This output is used by Xcode 'outputs' to avoid re-running this script phase.\necho \"SUCCESS\" > \"${SCRIPT_OUTPUT_FILE_0}\"\n";
			showEnvVarsInLog = 0;
		};
		EB0F269D00E520A4E714B378 /* [CP] Embed Pods Frameworks */ = {
			isa = PBXShellScriptBuildPhase;
			buildActionMask = 2147483647;
			files = (
			);
			inputPaths = (
				"${PODS_ROOT}/Target Support Files/Pods-LibraryTransitions/Pods-LibraryTransitions-frameworks.sh",
				"${BUILT_PRODUCTS_DIR}/Hero/Hero.framework",
			);
			name = "[CP] Embed Pods Frameworks";
			outputPaths = (
				"${TARGET_BUILD_DIR}/${FRAMEWORKS_FOLDER_PATH}/Hero.framework",
			);
			runOnlyForDeploymentPostprocessing = 0;
			shellPath = /bin/sh;
			shellScript = "\"${PODS_ROOT}/Target Support Files/Pods-LibraryTransitions/Pods-LibraryTransitions-frameworks.sh\"\n";
			showEnvVarsInLog = 0;
		};
/* End PBXShellScriptBuildPhase section */

/* Begin PBXSourcesBuildPhase section */
		34539A88222573B50081B5D8 /* Sources */ = {
			isa = PBXSourcesBuildPhase;
			buildActionMask = 2147483647;
			files = (
				34539AA5222574B80081B5D8 /* SecondViewController.swift in Sources */,
				34539A92222573B50081B5D8 /* ViewController.swift in Sources */,
				34539A90222573B50081B5D8 /* AppDelegate.swift in Sources */,
				34539A98222573B50081B5D8 /* LibraryTransitions.xcdatamodeld in Sources */,
			);
			runOnlyForDeploymentPostprocessing = 0;
		};
/* End PBXSourcesBuildPhase section */

/* Begin PBXVariantGroup section */
		34539A93222573B50081B5D8 /* Main.storyboard */ = {
			isa = PBXVariantGroup;
			children = (
				34539A94222573B50081B5D8 /* Base */,
			);
			name = Main.storyboard;
			sourceTree = "<group>";
		};
		34539A9B222573B50081B5D8 /* LaunchScreen.storyboard */ = {
			isa = PBXVariantGroup;
			children = (
				34539A9C222573B50081B5D8 /* Base */,
			);
			name = LaunchScreen.storyboard;
			sourceTree = "<group>";
		};
/* End PBXVariantGroup section */

/* Begin XCBuildConfiguration section */
		34539A9F222573B50081B5D8 /* Debug */ = {
			isa = XCBuildConfiguration;
			buildSettings = {
				ALWAYS_SEARCH_USER_PATHS = NO;
				CLANG_ANALYZER_NONNULL = YES;
				CLANG_ANALYZER_NUMBER_OBJECT_CONVERSION = YES_AGGRESSIVE;
				CLANG_CXX_LANGUAGE_STANDARD = "gnu++14";
				CLANG_CXX_LIBRARY = "libc++";
				CLANG_ENABLE_MODULES = YES;
				CLANG_ENABLE_OBJC_ARC = YES;
				CLANG_WARN_BLOCK_CAPTURE_AUTORELEASING = YES;
				CLANG_WARN_BOOL_CONVERSION = YES;
				CLANG_WARN_COMMA = YES;
				CLANG_WARN_CONSTANT_CONVERSION = YES;
				CLANG_WARN_DIRECT_OBJC_ISA_USAGE = YES_ERROR;
				CLANG_WARN_DOCUMENTATION_COMMENTS = YES;
				CLANG_WARN_EMPTY_BODY = YES;
				CLANG_WARN_ENUM_CONVERSION = YES;
				CLANG_WARN_INFINITE_RECURSION = YES;
				CLANG_WARN_INT_CONVERSION = YES;
				CLANG_WARN_NON_LITERAL_NULL_CONVERSION = YES;
				CLANG_WARN_OBJC_LITERAL_CONVERSION = YES;
				CLANG_WARN_OBJC_ROOT_CLASS = YES_ERROR;
				CLANG_WARN_RANGE_LOOP_ANALYSIS = YES;
				CLANG_WARN_STRICT_PROTOTYPES = YES;
				CLANG_WARN_SUSPICIOUS_MOVE = YES;
				CLANG_WARN_UNGUARDED_AVAILABILITY = YES_AGGRESSIVE;
				CLANG_WARN_UNREACHABLE_CODE = YES;
				CLANG_WARN__DUPLICATE_METHOD_MATCH = YES;
				CODE_SIGN_IDENTITY = "iPhone Developer";
				COPY_PHASE_STRIP = NO;
				DEBUG_INFORMATION_FORMAT = dwarf;
				ENABLE_STRICT_OBJC_MSGSEND = YES;
				ENABLE_TESTABILITY = YES;
				GCC_C_LANGUAGE_STANDARD = gnu11;
				GCC_DYNAMIC_NO_PIC = NO;
				GCC_NO_COMMON_BLOCKS = YES;
				GCC_OPTIMIZATION_LEVEL = 0;
				GCC_PREPROCESSOR_DEFINITIONS = (
					"DEBUG=1",
					"$(inherited)",
				);
				GCC_WARN_64_TO_32_BIT_CONVERSION = YES;
				GCC_WARN_ABOUT_RETURN_TYPE = YES_ERROR;
				GCC_WARN_UNDECLARED_SELECTOR = YES;
				GCC_WARN_UNINITIALIZED_AUTOS = YES_AGGRESSIVE;
				GCC_WARN_UNUSED_FUNCTION = YES;
				GCC_WARN_UNUSED_VARIABLE = YES;
				IPHONEOS_DEPLOYMENT_TARGET = 11.2;
				MTL_ENABLE_DEBUG_INFO = YES;
				ONLY_ACTIVE_ARCH = YES;
				SDKROOT = iphoneos;
				SWIFT_ACTIVE_COMPILATION_CONDITIONS = DEBUG;
				SWIFT_OPTIMIZATION_LEVEL = "-Onone";
			};
			name = Debug;
		};
		34539AA0222573B50081B5D8 /* Release */ = {
			isa = XCBuildConfiguration;
			buildSettings = {
				ALWAYS_SEARCH_USER_PATHS = NO;
				CLANG_ANALYZER_NONNULL = YES;
				CLANG_ANALYZER_NUMBER_OBJECT_CONVERSION = YES_AGGRESSIVE;
				CLANG_CXX_LANGUAGE_STANDARD = "gnu++14";
				CLANG_CXX_LIBRARY = "libc++";
				CLANG_ENABLE_MODULES = YES;
				CLANG_ENABLE_OBJC_ARC = YES;
				CLANG_WARN_BLOCK_CAPTURE_AUTORELEASING = YES;
				CLANG_WARN_BOOL_CONVERSION = YES;
				CLANG_WARN_COMMA = YES;
				CLANG_WARN_CONSTANT_CONVERSION = YES;
				CLANG_WARN_DIRECT_OBJC_ISA_USAGE = YES_ERROR;
				CLANG_WARN_DOCUMENTATION_COMMENTS = YES;
				CLANG_WARN_EMPTY_BODY = YES;
				CLANG_WARN_ENUM_CONVERSION = YES;
				CLANG_WARN_INFINITE_RECURSION = YES;
				CLANG_WARN_INT_CONVERSION = YES;
				CLANG_WARN_NON_LITERAL_NULL_CONVERSION = YES;
				CLANG_WARN_OBJC_LITERAL_CONVERSION = YES;
				CLANG_WARN_OBJC_ROOT_CLASS = YES_ERROR;
				CLANG_WARN_RANGE_LOOP_ANALYSIS = YES;
				CLANG_WARN_STRICT_PROTOTYPES = YES;
				CLANG_WARN_SUSPICIOUS_MOVE = YES;
				CLANG_WARN_UNGUARDED_AVAILABILITY = YES_AGGRESSIVE;
				CLANG_WARN_UNREACHABLE_CODE = YES;
				CLANG_WARN__DUPLICATE_METHOD_MATCH = YES;
				CODE_SIGN_IDENTITY = "iPhone Developer";
				COPY_PHASE_STRIP = NO;
				DEBUG_INFORMATION_FORMAT = "dwarf-with-dsym";
				ENABLE_NS_ASSERTIONS = NO;
				ENABLE_STRICT_OBJC_MSGSEND = YES;
				GCC_C_LANGUAGE_STANDARD = gnu11;
				GCC_NO_COMMON_BLOCKS = YES;
				GCC_WARN_64_TO_32_BIT_CONVERSION = YES;
				GCC_WARN_ABOUT_RETURN_TYPE = YES_ERROR;
				GCC_WARN_UNDECLARED_SELECTOR = YES;
				GCC_WARN_UNINITIALIZED_AUTOS = YES_AGGRESSIVE;
				GCC_WARN_UNUSED_FUNCTION = YES;
				GCC_WARN_UNUSED_VARIABLE = YES;
				IPHONEOS_DEPLOYMENT_TARGET = 11.2;
				MTL_ENABLE_DEBUG_INFO = NO;
				SDKROOT = iphoneos;
				SWIFT_OPTIMIZATION_LEVEL = "-Owholemodule";
				VALIDATE_PRODUCT = YES;
			};
			name = Release;
		};
		34539AA2222573B50081B5D8 /* Debug */ = {
			isa = XCBuildConfiguration;
			baseConfigurationReference = 4FB1032B4819E62162F7537A /* Pods-LibraryTransitions.debug.xcconfig */;
			buildSettings = {
				ASSETCATALOG_COMPILER_APPICON_NAME = AppIcon;
				CODE_SIGN_STYLE = Automatic;
				INFOPLIST_FILE = LibraryTransitions/Info.plist;
				LD_RUNPATH_SEARCH_PATHS = "$(inherited) @executable_path/Frameworks";
				PRODUCT_BUNDLE_IDENTIFIER = com.firstApp.LibraryTransitions;
				PRODUCT_NAME = "$(TARGET_NAME)";
				SWIFT_VERSION = 4.0;
				TARGETED_DEVICE_FAMILY = "1,2";
			};
			name = Debug;
		};
		34539AA3222573B50081B5D8 /* Release */ = {
			isa = XCBuildConfiguration;
			baseConfigurationReference = 064BD3FBAED59B72E27C2D69 /* Pods-LibraryTransitions.release.xcconfig */;
			buildSettings = {
				ASSETCATALOG_COMPILER_APPICON_NAME = AppIcon;
				CODE_SIGN_STYLE = Automatic;
				INFOPLIST_FILE = LibraryTransitions/Info.plist;
				LD_RUNPATH_SEARCH_PATHS = "$(inherited) @executable_path/Frameworks";
				PRODUCT_BUNDLE_IDENTIFIER = com.firstApp.LibraryTransitions;
				PRODUCT_NAME = "$(TARGET_NAME)";
				SWIFT_VERSION = 4.0;
				TARGETED_DEVICE_FAMILY = "1,2";
			};
			name = Release;
		};
/* End XCBuildConfiguration section */

/* Begin XCConfigurationList section */
		34539A87222573B50081B5D8 /* Build configuration list for PBXProject "LibraryTransitions" */ = {
			isa = XCConfigurationList;
			buildConfigurations = (
				34539A9F222573B50081B5D8 /* Debug */,
				34539AA0222573B50081B5D8 /* Release */,
			);
			defaultConfigurationIsVisible = 0;
			defaultConfigurationName = Release;
		};
		34539AA1222573B50081B5D8 /* Build configuration list for PBXNativeTarget "LibraryTransitions" */ = {
			isa = XCConfigurationList;
			buildConfigurations = (
				34539AA2222573B50081B5D8 /* Debug */,
				34539AA3222573B50081B5D8 /* Release */,
			);
			defaultConfigurationIsVisible = 0;
			defaultConfigurationName = Release;
		};
/* End XCConfigurationList section */

/* Begin XCVersionGroup section */
		34539A96222573B50081B5D8 /* LibraryTransitions.xcdatamodeld */ = {
			isa = XCVersionGroup;
			children = (
				34539A97222573B50081B5D8 /* LibraryTransitions.xcdatamodel */,
			);
			currentVersion = 34539A97222573B50081B5D8 /* LibraryTransitions.xcdatamodel */;
			path = LibraryTransitions.xcdatamodeld;
			sourceTree = "<group>";
			versionGroupType = wrapper.xcdatamodel;
		};
/* End XCVersionGroup section */
	};
	rootObject = 34539A84222573B50081B5D8 /* Project object */;
}
